
Microsoft Visual Studio Solution File, Format Version 12.00
# Visual Studio Version 17
VisualStudioVersion = 17.6.33801.468
MinimumVisualStudioVersion = 10.0.40219.1
Project("{FAE04EC0-301F-11D3-BF4B-00C04F79EFBC}") = "Net6JsonCusomSerialize", "Net6JsonCusomSerialize.csproj", "{BB4FB84A-5561-4BCB-BE30-E24513EF10ED}"
EndProject
Global
	GlobalSection(SolutionConfigurationPlatforms) = preSolution
		Debug|Any CPU = Debug|Any CPU
		Release|Any CPU = Release|Any CPU
	EndGlobalSection
	GlobalSection(ProjectConfigurationPlatforms) = postSolution
		{BB4FB84A-5561-4BCB-BE30-E24513EF10ED}.Debug|Any CPU.ActiveCfg = Debug|Any CPU
		{BB4FB84A-5561-4BCB-BE30-E24513EF10ED}.Debug|Any CPU.Build.0 = Debug|Any CPU
		{BB4FB84A-5561-4BCB-BE30-E24513EF10ED}.Release|Any CPU.ActiveCfg = Release|Any CPU
		{BB4FB84A-5561-4BCB-BE30-E24513EF10ED}.Release|Any CPU.Build.0 = Release|Any CPU
	EndGlobalSection
	GlobalSection(SolutionProperties) = preSolution
		HideSolutionNode = FALSE
	EndGlobalSection
	GlobalSection(ExtensibilityGlobals) = postSolution
		SolutionGuid = {B79E2390-42A4-4A01-AC15-61D7CD38B872}
	EndGlobalSection
EndGlobal
